
Microsoft Visual Studio Solution File, Format Version 12.00
# Visual Studio 15
VisualStudioVersion = 15.0.28307.902
MinimumVisualStudioVersion = 10.0.40219.1
Project("{FAE04EC0-301F-11D3-BF4B-00C04F79EFBC}") = "aop_example", "aop_example\aop_example.csproj", "{A3D735BF-7879-4795-8114-98381A17C779}"
EndProject
Global
	GlobalSection(SolutionConfigurationPlatforms) = preSolution
		Debug|Any CPU = Debug|Any CPU
		Release|Any CPU = Release|Any CPU
	EndGlobalSection
	GlobalSection(ProjectConfigurationPlatforms) = postSolution
		{A3D735BF-7879-4795-8114-98381A17C779}.Debug|Any CPU.ActiveCfg = Debug|Any CPU
		{A3D735BF-7879-4795-8114-98381A17C779}.Debug|Any CPU.Build.0 = Debug|Any CPU
		{A3D735BF-7879-4795-8114-98381A17C779}.Release|Any CPU.ActiveCfg = Release|Any CPU
		{A3D735BF-7879-4795-8114-98381A17C779}.Release|Any CPU.Build.0 = Release|Any CPU
	EndGlobalSection
	GlobalSection(SolutionProperties) = preSolution
		HideSolutionNode = FALSE
	EndGlobalSection
	GlobalSection(ExtensibilityGlobals) = postSolution
		SolutionGuid = {5035F98C-D8E7-4A68-AEAD-0F983FB4138C}
	EndGlobalSection
EndGlobal
